
Microsoft Visual Studio Solution File, Format Version 12.00
# Visual Studio Version 16
VisualStudioVersion = 16.0.31613.86
MinimumVisualStudioVersion = 10.0.40219.1
Project("{9A19103F-16F7-4668-BE54-9A1E7A4F7556}") = "SgiOnvifRestApiGW", "SgiOnvifRestApiGW.csproj", "{EACBA8DD-EF2E-4359-AF29-B51F868AD55C}"
EndProject
Project("{FAE04EC0-301F-11D3-BF4B-00C04F79EFBC}") = "SgiOnvifRestApiGW.Test", "..\SgiOnvifRestApiGW.Test\SgiOnvifRestApiGW.Test.csproj", "{528E4F27-E4C3-43F7-919F-3C6456F9DFE5}"
EndProject
Global
	GlobalSection(SolutionConfigurationPlatforms) = preSolution
		Debug|Any CPU = Debug|Any CPU
		Release|Any CPU = Release|Any CPU
	EndGlobalSection
	GlobalSection(ProjectConfigurationPlatforms) = postSolution
		{EACBA8DD-EF2E-4359-AF29-B51F868AD55C}.Debug|Any CPU.ActiveCfg = Debug|Any CPU
		{EACBA8DD-EF2E-4359-AF29-B51F868AD55C}.Debug|Any CPU.Build.0 = Debug|Any CPU
		{EACBA8DD-EF2E-4359-AF29-B51F868AD55C}.Release|Any CPU.ActiveCfg = Release|Any CPU
		{EACBA8DD-EF2E-4359-AF29-B51F868AD55C}.Release|Any CPU.Build.0 = Release|Any CPU
		{528E4F27-E4C3-43F7-919F-3C6456F9DFE5}.Debug|Any CPU.ActiveCfg = Debug|Any CPU
		{528E4F27-E4C3-43F7-919F-3C6456F9DFE5}.Debug|Any CPU.Build.0 = Debug|Any CPU
		{528E4F27-E4C3-43F7-919F-3C6456F9DFE5}.Release|Any CPU.ActiveCfg = Release|Any CPU
		{528E4F27-E4C3-43F7-919F-3C6456F9DFE5}.Release|Any CPU.Build.0 = Release|Any CPU
	EndGlobalSection
	GlobalSection(SolutionProperties) = preSolution
		HideSolutionNode = FALSE
	EndGlobalSection
	GlobalSection(ExtensibilityGlobals) = postSolution
		SolutionGuid = {510D5509-A83F-4B8B-9393-6DF5EF4AA2A3}
	EndGlobalSection
EndGlobal
